
Microsoft Visual Studio Solution File, Format Version 12.00
# Visual Studio Version 16
VisualStudioVersion = 16.0.31112.23
MinimumVisualStudioVersion = 10.0.40219.1
Project("{FAE04EC0-301F-11D3-BF4B-00C04F79EFBC}") = "Mapping", "Mapping\Mapping.csproj", "{2CA0D47C-7404-4B98-96BA-9A00D80AE796}"
EndProject
Global
	GlobalSection(SolutionConfigurationPlatforms) = preSolution
		Debug|Any CPU = Debug|Any CPU
		Release|Any CPU = Release|Any CPU
	EndGlobalSection
	GlobalSection(ProjectConfigurationPlatforms) = postSolution
		{2CA0D47C-7404-4B98-96BA-9A00D80AE796}.Debug|Any CPU.ActiveCfg = Debug|Any CPU
		{2CA0D47C-7404-4B98-96BA-9A00D80AE796}.Debug|Any CPU.Build.0 = Debug|Any CPU
		{2CA0D47C-7404-4B98-96BA-9A00D80AE796}.Release|Any CPU.ActiveCfg = Release|Any CPU
		{2CA0D47C-7404-4B98-96BA-9A00D80AE796}.Release|Any CPU.Build.0 = Release|Any CPU
	EndGlobalSection
	GlobalSection(SolutionProperties) = preSolution
		HideSolutionNode = FALSE
	EndGlobalSection
	GlobalSection(ExtensibilityGlobals) = postSolution
		SolutionGuid = {3524BBCF-E8F6-48AE-9905-96AE0DE79C4B}
	EndGlobalSection
EndGlobal
